
Microsoft Visual Studio Solution File, Format Version 12.00
# Visual Studio 14
VisualStudioVersion = 14.0.25420.1
MinimumVisualStudioVersion = 10.0.40219.1
Project("{FAE04EC0-301F-11D3-BF4B-00C04F79EFBC}") = "Gymnasiearbete - BOINC-client and manager", "Gymnasiearbete - BOINC-client and manager\Gymnasiearbete - BOINC-client and manager.csproj", "{ED055525-A107-49CC-96AD-B2DE708AF544}"
EndProject
Global
	GlobalSection(SolutionConfigurationPlatforms) = preSolution
		Debug|Any CPU = Debug|Any CPU
		Release|Any CPU = Release|Any CPU
	EndGlobalSection
	GlobalSection(ProjectConfigurationPlatforms) = postSolution
		{ED055525-A107-49CC-96AD-B2DE708AF544}.Debug|Any CPU.ActiveCfg = Debug|Any CPU
		{ED055525-A107-49CC-96AD-B2DE708AF544}.Debug|Any CPU.Build.0 = Debug|Any CPU
		{ED055525-A107-49CC-96AD-B2DE708AF544}.Release|Any CPU.ActiveCfg = Release|Any CPU
		{ED055525-A107-49CC-96AD-B2DE708AF544}.Release|Any CPU.Build.0 = Release|Any CPU
	EndGlobalSection
	GlobalSection(SolutionProperties) = preSolution
		HideSolutionNode = FALSE
	EndGlobalSection
EndGlobal
